
Microsoft Visual Studio Solution File, Format Version 12.00
# Visual Studio 15
VisualStudioVersion = 15.0.28307.2092
MinimumVisualStudioVersion = 10.0.40219.1
Project("{2150E333-8FDC-42A3-9474-1A3956D46DE8}") = "Domain", "Domain", "{E63CEAC7-EA3D-4F52-A456-C4A2EEC45DA7}"
EndProject
Project("{FAE04EC0-301F-11D3-BF4B-00C04F79EFBC}") = "Domain", "Domain\Domain.csproj", "{0FE55A62-7452-4A94-8771-E6F160CF4DB0}"
EndProject
Project("{2150E333-8FDC-42A3-9474-1A3956D46DE8}") = "Application", "Application", "{8B5ADD4E-73CE-46E4-9B08-AB50EA9DD053}"
EndProject
Project("{FAE04EC0-301F-11D3-BF4B-00C04F79EFBC}") = "Application", "Application\Application.csproj", "{36F6B050-AA43-41A6-ABA9-5D02B6F3E967}"
EndProject
Project("{2150E333-8FDC-42A3-9474-1A3956D46DE8}") = "Infra.Persistence", "Infra.Persistence", "{C76C1216-E626-4848-BB01-958A5E0DD521}"
EndProject
Project("{FAE04EC0-301F-11D3-BF4B-00C04F79EFBC}") = "Persistence", "Persistence\Persistence.csproj", "{A1E527D1-CC5E-40FC-980C-D4E50A81AB0F}"
EndProject
Project("{2150E333-8FDC-42A3-9474-1A3956D46DE8}") = "Api", "Api", "{4CCA7FB4-29F7-40AF-902E-2232BE1D8B4B}"
EndProject
Project("{FAE04EC0-301F-11D3-BF4B-00C04F79EFBC}") = "FileShareApi", "FileShareApi\FileShareApi.csproj", "{91B4FDA5-31F7-4C6E-B899-257364756E51}"
EndProject
Project("{2150E333-8FDC-42A3-9474-1A3956D46DE8}") = "Presentation", "Presentation", "{69288E44-7B91-4600-BB1B-B7D3745E2EE5}"
EndProject
Project("{2150E333-8FDC-42A3-9474-1A3956D46DE8}") = "Web", "Web", "{887F129D-552D-46B3-9ACD-B11C311755E4}"
EndProject
Project("{FAE04EC0-301F-11D3-BF4B-00C04F79EFBC}") = "FileShareWebUI", "FileShareWebUI\FileShareWebUI.csproj", "{62754A81-D877-438D-A292-5738C86DC7A4}"
EndProject
Project("{2150E333-8FDC-42A3-9474-1A3956D46DE8}") = "SPA", "SPA", "{48CF27BA-5C7B-4333-A404-5FB73E9E64B6}"
EndProject
Project("{2150E333-8FDC-42A3-9474-1A3956D46DE8}") = "Web2", "Web2", "{85E1FA20-7B42-419C-A181-7D753F049927}"
EndProject
Project("{FAE04EC0-301F-11D3-BF4B-00C04F79EFBC}") = "FileShareWebUI2", "FileShareWebUI2\FileShareWebUI2.csproj", "{20DABCD5-C470-4B14-85AC-6E1EF311C148}"
EndProject
Project("{2150E333-8FDC-42A3-9474-1A3956D46DE8}") = "Infra.Service", "Infra.Service", "{9A118785-EEC6-403F-865F-FA8C608A0A9B}"
EndProject
Project("{FAE04EC0-301F-11D3-BF4B-00C04F79EFBC}") = "FileShareService", "FileShareService\FileShareService.csproj", "{2F337060-FBD9-4E55-B585-734FA8BD3891}"
EndProject
Global
	GlobalSection(SolutionConfigurationPlatforms) = preSolution
		Debug|Any CPU = Debug|Any CPU
		Release|Any CPU = Release|Any CPU
	EndGlobalSection
	GlobalSection(ProjectConfigurationPlatforms) = postSolution
		{0FE55A62-7452-4A94-8771-E6F160CF4DB0}.Debug|Any CPU.ActiveCfg = Debug|Any CPU
		{0FE55A62-7452-4A94-8771-E6F160CF4DB0}.Debug|Any CPU.Build.0 = Debug|Any CPU
		{0FE55A62-7452-4A94-8771-E6F160CF4DB0}.Release|Any CPU.ActiveCfg = Release|Any CPU
		{0FE55A62-7452-4A94-8771-E6F160CF4DB0}.Release|Any CPU.Build.0 = Release|Any CPU
		{36F6B050-AA43-41A6-ABA9-5D02B6F3E967}.Debug|Any CPU.ActiveCfg = Debug|Any CPU
		{36F6B050-AA43-41A6-ABA9-5D02B6F3E967}.Debug|Any CPU.Build.0 = Debug|Any CPU
		{36F6B050-AA43-41A6-ABA9-5D02B6F3E967}.Release|Any CPU.ActiveCfg = Release|Any CPU
		{36F6B050-AA43-41A6-ABA9-5D02B6F3E967}.Release|Any CPU.Build.0 = Release|Any CPU
		{A1E527D1-CC5E-40FC-980C-D4E50A81AB0F}.Debug|Any CPU.ActiveCfg = Debug|Any CPU
		{A1E527D1-CC5E-40FC-980C-D4E50A81AB0F}.Debug|Any CPU.Build.0 = Debug|Any CPU
		{A1E527D1-CC5E-40FC-980C-D4E50A81AB0F}.Release|Any CPU.ActiveCfg = Release|Any CPU
		{A1E527D1-CC5E-40FC-980C-D4E50A81AB0F}.Release|Any CPU.Build.0 = Release|Any CPU
		{91B4FDA5-31F7-4C6E-B899-257364756E51}.Debug|Any CPU.ActiveCfg = Debug|Any CPU
		{91B4FDA5-31F7-4C6E-B899-257364756E51}.Debug|Any CPU.Build.0 = Debug|Any CPU
		{91B4FDA5-31F7-4C6E-B899-257364756E51}.Release|Any CPU.ActiveCfg = Release|Any CPU
		{91B4FDA5-31F7-4C6E-B899-257364756E51}.Release|Any CPU.Build.0 = Release|Any CPU
		{62754A81-D877-438D-A292-5738C86DC7A4}.Debug|Any CPU.ActiveCfg = Debug|Any CPU
		{62754A81-D877-438D-A292-5738C86DC7A4}.Debug|Any CPU.Build.0 = Debug|Any CPU
		{62754A81-D877-438D-A292-5738C86DC7A4}.Release|Any CPU.ActiveCfg = Release|Any CPU
		{62754A81-D877-438D-A292-5738C86DC7A4}.Release|Any CPU.Build.0 = Release|Any CPU
		{20DABCD5-C470-4B14-85AC-6E1EF311C148}.Debug|Any CPU.ActiveCfg = Debug|Any CPU
		{20DABCD5-C470-4B14-85AC-6E1EF311C148}.Debug|Any CPU.Build.0 = Debug|Any CPU
		{20DABCD5-C470-4B14-85AC-6E1EF311C148}.Release|Any CPU.ActiveCfg = Release|Any CPU
		{20DABCD5-C470-4B14-85AC-6E1EF311C148}.Release|Any CPU.Build.0 = Release|Any CPU
		{2F337060-FBD9-4E55-B585-734FA8BD3891}.Debug|Any CPU.ActiveCfg = Debug|Any CPU
		{2F337060-FBD9-4E55-B585-734FA8BD3891}.Debug|Any CPU.Build.0 = Debug|Any CPU
		{2F337060-FBD9-4E55-B585-734FA8BD3891}.Release|Any CPU.ActiveCfg = Release|Any CPU
		{2F337060-FBD9-4E55-B585-734FA8BD3891}.Release|Any CPU.Build.0 = Release|Any CPU
	EndGlobalSection
	GlobalSection(SolutionProperties) = preSolution
		HideSolutionNode = FALSE
	EndGlobalSection
	GlobalSection(NestedProjects) = preSolution
		{0FE55A62-7452-4A94-8771-E6F160CF4DB0} = {E63CEAC7-EA3D-4F52-A456-C4A2EEC45DA7}
		{36F6B050-AA43-41A6-ABA9-5D02B6F3E967} = {8B5ADD4E-73CE-46E4-9B08-AB50EA9DD053}
		{A1E527D1-CC5E-40FC-980C-D4E50A81AB0F} = {C76C1216-E626-4848-BB01-958A5E0DD521}
		{91B4FDA5-31F7-4C6E-B899-257364756E51} = {4CCA7FB4-29F7-40AF-902E-2232BE1D8B4B}
		{887F129D-552D-46B3-9ACD-B11C311755E4} = {69288E44-7B91-4600-BB1B-B7D3745E2EE5}
		{62754A81-D877-438D-A292-5738C86DC7A4} = {887F129D-552D-46B3-9ACD-B11C311755E4}
		{48CF27BA-5C7B-4333-A404-5FB73E9E64B6} = {69288E44-7B91-4600-BB1B-B7D3745E2EE5}
		{85E1FA20-7B42-419C-A181-7D753F049927} = {69288E44-7B91-4600-BB1B-B7D3745E2EE5}
		{20DABCD5-C470-4B14-85AC-6E1EF311C148} = {85E1FA20-7B42-419C-A181-7D753F049927}
		{2F337060-FBD9-4E55-B585-734FA8BD3891} = {9A118785-EEC6-403F-865F-FA8C608A0A9B}
	EndGlobalSection
	GlobalSection(ExtensibilityGlobals) = postSolution
		SolutionGuid = {6B6D935B-83D8-460E-8DB9-21AB39D87093}
	EndGlobalSection
EndGlobal
